
Microsoft Visual Studio Solution File, Format Version 12.00
# Visual Studio Version 17
VisualStudioVersion = 17.9.34622.214
MinimumVisualStudioVersion = 10.0.40219.1
Project("{8BC9CEB8-8B4A-11D0-8D11-00A0C91BC942}") = "Sample1Plugin", "sample1\Sample1Plugin.vcxproj", "{D228C07D-7714-3007-8652-B1465CAE32ED}"
EndProject
Project("{8BC9CEB8-8B4A-11D0-8D11-00A0C91BC942}") = "Sample2Plugin", "sample2\Sample2Plugin.vcxproj", "{934DC8BF-0114-39A5-8A80-53419C832EEB}"
EndProject
Project("{8BC9CEB8-8B4A-11D0-8D11-00A0C91BC942}") = "Plugin.Infrastructure", "Plugin.Infrastructure\Plugin.Infrastructure.vcxproj", "{1AE59BD8-D9E6-4AD8-A2FF-886DA218F74E}"
EndProject
Project("{8BC9CEB8-8B4A-11D0-8D11-00A0C91BC942}") = "PluginsDemo", "PluginsDemo\PluginsDemo.vcxproj", "{40A1D701-24B8-4EF8-81F2-DE4BBBAD648B}"
EndProject
Project("{2150E333-8FDC-42A3-9474-1A3956D46DE8}") = "Window", "Window", "{3A37582F-5E2A-43E2-90CB-2D067C3219EC}"
EndProject
Project("{8BC9CEB8-8B4A-11D0-8D11-00A0C91BC942}") = "Main", "Window\Main\Main.vcxproj", "{C8F69DCB-09ED-4C12-8DEE-912966253C65}"
EndProject
Project("{FAE04EC0-301F-11D3-BF4B-00C04F79EFBC}") = "MainWindow", "Window\MainWindow\MainWindow.csproj", "{EE02D17C-D28A-475F-9B64-C596B2487577}"
EndProject
Project("{FAE04EC0-301F-11D3-BF4B-00C04F79EFBC}") = "MyMainWindow", "Window\MyMainWindow\MyMainWindow.csproj", "{34D93FA0-1F45-48C5-AAD8-B13D9E6BB1CA}"
EndProject
Project("{FAE04EC0-301F-11D3-BF4B-00C04F79EFBC}") = "Plugin1Window", "Window\Plugin1Window\Plugin1Window.csproj", "{C4E84887-217E-438A-A403-BA94760BB015}"
EndProject
Project("{8BC9CEB8-8B4A-11D0-8D11-00A0C91BC942}") = "MyPlugin1", "Window\MyPlugin1\MyPlugin1.vcxproj", "{364CFD06-6999-4D99-9C64-228EB804396A}"
EndProject
Project("{8BC9CEB8-8B4A-11D0-8D11-00A0C91BC942}") = "MyPlugin2", "Window\MyPlugin2\MyPlugin2.vcxproj", "{53C18F77-D76B-4FDA-85AE-2ED0F403C2BC}"
EndProject
Project("{8BC9CEB8-8B4A-11D0-8D11-00A0C91BC942}") = "PluginsManage", "Window\PluginsManage\PluginsManage.vcxproj", "{5339CF4E-8BD6-43C4-9A95-BE900B352884}"
EndProject
Project("{2150E333-8FDC-42A3-9474-1A3956D46DE8}") = "Documents", "Documents", "{2129709E-9F3A-45E0-9917-F9EDE5922554}"
	ProjectSection(SolutionItems) = preProject
		README.md = README.md
	EndProjectSection
EndProject
Global
	GlobalSection(SolutionConfigurationPlatforms) = preSolution
		Debug|Any CPU = Debug|Any CPU
		Debug|x64 = Debug|x64
		Debug|x86 = Debug|x86
		MinSizeRel|Any CPU = MinSizeRel|Any CPU
		MinSizeRel|x64 = MinSizeRel|x64
		MinSizeRel|x86 = MinSizeRel|x86
		Release|Any CPU = Release|Any CPU
		Release|x64 = Release|x64
		Release|x86 = Release|x86
		RelWithDebInfo|Any CPU = RelWithDebInfo|Any CPU
		RelWithDebInfo|x64 = RelWithDebInfo|x64
		RelWithDebInfo|x86 = RelWithDebInfo|x86
	EndGlobalSection
	GlobalSection(ProjectConfigurationPlatforms) = postSolution
		{D228C07D-7714-3007-8652-B1465CAE32ED}.Debug|Any CPU.ActiveCfg = Debug|x64
		{D228C07D-7714-3007-8652-B1465CAE32ED}.Debug|Any CPU.Build.0 = Debug|x64
		{D228C07D-7714-3007-8652-B1465CAE32ED}.Debug|x64.ActiveCfg = Debug|x64
		{D228C07D-7714-3007-8652-B1465CAE32ED}.Debug|x64.Build.0 = Debug|x64
		{D228C07D-7714-3007-8652-B1465CAE32ED}.Debug|x86.ActiveCfg = Debug|x64
		{D228C07D-7714-3007-8652-B1465CAE32ED}.Debug|x86.Build.0 = Debug|x64
		{D228C07D-7714-3007-8652-B1465CAE32ED}.MinSizeRel|Any CPU.ActiveCfg = MinSizeRel|x64
		{D228C07D-7714-3007-8652-B1465CAE32ED}.MinSizeRel|Any CPU.Build.0 = MinSizeRel|x64
		{D228C07D-7714-3007-8652-B1465CAE32ED}.MinSizeRel|x64.ActiveCfg = MinSizeRel|x64
		{D228C07D-7714-3007-8652-B1465CAE32ED}.MinSizeRel|x64.Build.0 = MinSizeRel|x64
		{D228C07D-7714-3007-8652-B1465CAE32ED}.MinSizeRel|x86.ActiveCfg = MinSizeRel|x64
		{D228C07D-7714-3007-8652-B1465CAE32ED}.MinSizeRel|x86.Build.0 = MinSizeRel|x64
		{D228C07D-7714-3007-8652-B1465CAE32ED}.Release|Any CPU.ActiveCfg = Release|x64
		{D228C07D-7714-3007-8652-B1465CAE32ED}.Release|Any CPU.Build.0 = Release|x64
		{D228C07D-7714-3007-8652-B1465CAE32ED}.Release|x64.ActiveCfg = Release|x64
		{D228C07D-7714-3007-8652-B1465CAE32ED}.Release|x64.Build.0 = Release|x64
		{D228C07D-7714-3007-8652-B1465CAE32ED}.Release|x86.ActiveCfg = Release|x64
		{D228C07D-7714-3007-8652-B1465CAE32ED}.Release|x86.Build.0 = Release|x64
		{D228C07D-7714-3007-8652-B1465CAE32ED}.RelWithDebInfo|Any CPU.ActiveCfg = RelWithDebInfo|x64
		{D228C07D-7714-3007-8652-B1465CAE32ED}.RelWithDebInfo|Any CPU.Build.0 = RelWithDebInfo|x64
		{D228C07D-7714-3007-8652-B1465CAE32ED}.RelWithDebInfo|x64.ActiveCfg = RelWithDebInfo|x64
		{D228C07D-7714-3007-8652-B1465CAE32ED}.RelWithDebInfo|x64.Build.0 = RelWithDebInfo|x64
		{D228C07D-7714-3007-8652-B1465CAE32ED}.RelWithDebInfo|x86.ActiveCfg = RelWithDebInfo|x64
		{D228C07D-7714-3007-8652-B1465CAE32ED}.RelWithDebInfo|x86.Build.0 = RelWithDebInfo|x64
		{934DC8BF-0114-39A5-8A80-53419C832EEB}.Debug|Any CPU.ActiveCfg = Debug|x64
		{934DC8BF-0114-39A5-8A80-53419C832EEB}.Debug|Any CPU.Build.0 = Debug|x64
		{934DC8BF-0114-39A5-8A80-53419C832EEB}.Debug|x64.ActiveCfg = Debug|x64
		{934DC8BF-0114-39A5-8A80-53419C832EEB}.Debug|x64.Build.0 = Debug|x64
		{934DC8BF-0114-39A5-8A80-53419C832EEB}.Debug|x86.ActiveCfg = Debug|x64
		{934DC8BF-0114-39A5-8A80-53419C832EEB}.Debug|x86.Build.0 = Debug|x64
		{934DC8BF-0114-39A5-8A80-53419C832EEB}.MinSizeRel|Any CPU.ActiveCfg = MinSizeRel|x64
		{934DC8BF-0114-39A5-8A80-53419C832EEB}.MinSizeRel|Any CPU.Build.0 = MinSizeRel|x64
		{934DC8BF-0114-39A5-8A80-53419C832EEB}.MinSizeRel|x64.ActiveCfg = MinSizeRel|x64
		{934DC8BF-0114-39A5-8A80-53419C832EEB}.MinSizeRel|x64.Build.0 = MinSizeRel|x64
		{934DC8BF-0114-39A5-8A80-53419C832EEB}.MinSizeRel|x86.ActiveCfg = MinSizeRel|x64
		{934DC8BF-0114-39A5-8A80-53419C832EEB}.MinSizeRel|x86.Build.0 = MinSizeRel|x64
		{934DC8BF-0114-39A5-8A80-53419C832EEB}.Release|Any CPU.ActiveCfg = Release|x64
		{934DC8BF-0114-39A5-8A80-53419C832EEB}.Release|Any CPU.Build.0 = Release|x64
		{934DC8BF-0114-39A5-8A80-53419C832EEB}.Release|x64.ActiveCfg = Release|x64
		{934DC8BF-0114-39A5-8A80-53419C832EEB}.Release|x64.Build.0 = Release|x64
		{934DC8BF-0114-39A5-8A80-53419C832EEB}.Release|x86.ActiveCfg = Release|x64
		{934DC8BF-0114-39A5-8A80-53419C832EEB}.Release|x86.Build.0 = Release|x64
		{934DC8BF-0114-39A5-8A80-53419C832EEB}.RelWithDebInfo|Any CPU.ActiveCfg = RelWithDebInfo|x64
		{934DC8BF-0114-39A5-8A80-53419C832EEB}.RelWithDebInfo|Any CPU.Build.0 = RelWithDebInfo|x64
		{934DC8BF-0114-39A5-8A80-53419C832EEB}.RelWithDebInfo|x64.ActiveCfg = RelWithDebInfo|x64
		{934DC8BF-0114-39A5-8A80-53419C832EEB}.RelWithDebInfo|x64.Build.0 = RelWithDebInfo|x64
		{934DC8BF-0114-39A5-8A80-53419C832EEB}.RelWithDebInfo|x86.ActiveCfg = RelWithDebInfo|x64
		{934DC8BF-0114-39A5-8A80-53419C832EEB}.RelWithDebInfo|x86.Build.0 = RelWithDebInfo|x64
		{1AE59BD8-D9E6-4AD8-A2FF-886DA218F74E}.Debug|Any CPU.ActiveCfg = Debug|x64
		{1AE59BD8-D9E6-4AD8-A2FF-886DA218F74E}.Debug|Any CPU.Build.0 = Debug|x64
		{1AE59BD8-D9E6-4AD8-A2FF-886DA218F74E}.Debug|x64.ActiveCfg = Debug|x64
		{1AE59BD8-D9E6-4AD8-A2FF-886DA218F74E}.Debug|x64.Build.0 = Debug|x64
		{1AE59BD8-D9E6-4AD8-A2FF-886DA218F74E}.Debug|x86.ActiveCfg = Debug|Win32
		{1AE59BD8-D9E6-4AD8-A2FF-886DA218F74E}.Debug|x86.Build.0 = Debug|Win32
		{1AE59BD8-D9E6-4AD8-A2FF-886DA218F74E}.MinSizeRel|Any CPU.ActiveCfg = Debug|x64
		{1AE59BD8-D9E6-4AD8-A2FF-886DA218F74E}.MinSizeRel|Any CPU.Build.0 = Debug|x64
		{1AE59BD8-D9E6-4AD8-A2FF-886DA218F74E}.MinSizeRel|x64.ActiveCfg = Debug|x64
		{1AE59BD8-D9E6-4AD8-A2FF-886DA218F74E}.MinSizeRel|x64.Build.0 = Debug|x64
		{1AE59BD8-D9E6-4AD8-A2FF-886DA218F74E}.MinSizeRel|x86.ActiveCfg = Debug|Win32
		{1AE59BD8-D9E6-4AD8-A2FF-886DA218F74E}.MinSizeRel|x86.Build.0 = Debug|Win32
		{1AE59BD8-D9E6-4AD8-A2FF-886DA218F74E}.Release|Any CPU.ActiveCfg = Release|x64
		{1AE59BD8-D9E6-4AD8-A2FF-886DA218F74E}.Release|Any CPU.Build.0 = Release|x64
		{1AE59BD8-D9E6-4AD8-A2FF-886DA218F74E}.Release|x64.ActiveCfg = Release|x64
		{1AE59BD8-D9E6-4AD8-A2FF-886DA218F74E}.Release|x64.Build.0 = Release|x64
		{1AE59BD8-D9E6-4AD8-A2FF-886DA218F74E}.Release|x86.ActiveCfg = Release|Win32
		{1AE59BD8-D9E6-4AD8-A2FF-886DA218F74E}.Release|x86.Build.0 = Release|Win32
		{1AE59BD8-D9E6-4AD8-A2FF-886DA218F74E}.RelWithDebInfo|Any CPU.ActiveCfg = Release|x64
		{1AE59BD8-D9E6-4AD8-A2FF-886DA218F74E}.RelWithDebInfo|Any CPU.Build.0 = Release|x64
		{1AE59BD8-D9E6-4AD8-A2FF-886DA218F74E}.RelWithDebInfo|x64.ActiveCfg = Release|x64
		{1AE59BD8-D9E6-4AD8-A2FF-886DA218F74E}.RelWithDebInfo|x64.Build.0 = Release|x64
		{1AE59BD8-D9E6-4AD8-A2FF-886DA218F74E}.RelWithDebInfo|x86.ActiveCfg = Release|Win32
		{1AE59BD8-D9E6-4AD8-A2FF-886DA218F74E}.RelWithDebInfo|x86.Build.0 = Release|Win32
		{40A1D701-24B8-4EF8-81F2-DE4BBBAD648B}.Debug|Any CPU.ActiveCfg = Debug|x64
		{40A1D701-24B8-4EF8-81F2-DE4BBBAD648B}.Debug|Any CPU.Build.0 = Debug|x64
		{40A1D701-24B8-4EF8-81F2-DE4BBBAD648B}.Debug|x64.ActiveCfg = Debug|x64
		{40A1D701-24B8-4EF8-81F2-DE4BBBAD648B}.Debug|x64.Build.0 = Debug|x64
		{40A1D701-24B8-4EF8-81F2-DE4BBBAD648B}.Debug|x86.ActiveCfg = Debug|Win32
		{40A1D701-24B8-4EF8-81F2-DE4BBBAD648B}.Debug|x86.Build.0 = Debug|Win32
		{40A1D701-24B8-4EF8-81F2-DE4BBBAD648B}.MinSizeRel|Any CPU.ActiveCfg = Debug|x64
		{40A1D701-24B8-4EF8-81F2-DE4BBBAD648B}.MinSizeRel|Any CPU.Build.0 = Debug|x64
		{40A1D701-24B8-4EF8-81F2-DE4BBBAD648B}.MinSizeRel|x64.ActiveCfg = Debug|x64
		{40A1D701-24B8-4EF8-81F2-DE4BBBAD648B}.MinSizeRel|x64.Build.0 = Debug|x64
		{40A1D701-24B8-4EF8-81F2-DE4BBBAD648B}.MinSizeRel|x86.ActiveCfg = Debug|Win32
		{40A1D701-24B8-4EF8-81F2-DE4BBBAD648B}.MinSizeRel|x86.Build.0 = Debug|Win32
		{40A1D701-24B8-4EF8-81F2-DE4BBBAD648B}.Release|Any CPU.ActiveCfg = Release|x64
		{40A1D701-24B8-4EF8-81F2-DE4BBBAD648B}.Release|Any CPU.Build.0 = Release|x64
		{40A1D701-24B8-4EF8-81F2-DE4BBBAD648B}.Release|x64.ActiveCfg = Release|x64
		{40A1D701-24B8-4EF8-81F2-DE4BBBAD648B}.Release|x64.Build.0 = Release|x64
		{40A1D701-24B8-4EF8-81F2-DE4BBBAD648B}.Release|x86.ActiveCfg = Release|Win32
		{40A1D701-24B8-4EF8-81F2-DE4BBBAD648B}.Release|x86.Build.0 = Release|Win32
		{40A1D701-24B8-4EF8-81F2-DE4BBBAD648B}.RelWithDebInfo|Any CPU.ActiveCfg = Release|x64
		{40A1D701-24B8-4EF8-81F2-DE4BBBAD648B}.RelWithDebInfo|Any CPU.Build.0 = Release|x64
		{40A1D701-24B8-4EF8-81F2-DE4BBBAD648B}.RelWithDebInfo|x64.ActiveCfg = Release|x64
		{40A1D701-24B8-4EF8-81F2-DE4BBBAD648B}.RelWithDebInfo|x64.Build.0 = Release|x64
		{40A1D701-24B8-4EF8-81F2-DE4BBBAD648B}.RelWithDebInfo|x86.ActiveCfg = Release|Win32
		{40A1D701-24B8-4EF8-81F2-DE4BBBAD648B}.RelWithDebInfo|x86.Build.0 = Release|Win32
		{C8F69DCB-09ED-4C12-8DEE-912966253C65}.Debug|Any CPU.ActiveCfg = Debug|x64
		{C8F69DCB-09ED-4C12-8DEE-912966253C65}.Debug|Any CPU.Build.0 = Debug|x64
		{C8F69DCB-09ED-4C12-8DEE-912966253C65}.Debug|x64.ActiveCfg = Debug|x64
		{C8F69DCB-09ED-4C12-8DEE-912966253C65}.Debug|x64.Build.0 = Debug|x64
		{C8F69DCB-09ED-4C12-8DEE-912966253C65}.Debug|x86.ActiveCfg = Debug|Win32
		{C8F69DCB-09ED-4C12-8DEE-912966253C65}.Debug|x86.Build.0 = Debug|Win32
		{C8F69DCB-09ED-4C12-8DEE-912966253C65}.MinSizeRel|Any CPU.ActiveCfg = Debug|x64
		{C8F69DCB-09ED-4C12-8DEE-912966253C65}.MinSizeRel|Any CPU.Build.0 = Debug|x64
		{C8F69DCB-09ED-4C12-8DEE-912966253C65}.MinSizeRel|x64.ActiveCfg = Debug|x64
		{C8F69DCB-09ED-4C12-8DEE-912966253C65}.MinSizeRel|x64.Build.0 = Debug|x64
		{C8F69DCB-09ED-4C12-8DEE-912966253C65}.MinSizeRel|x86.ActiveCfg = Debug|Win32
		{C8F69DCB-09ED-4C12-8DEE-912966253C65}.MinSizeRel|x86.Build.0 = Debug|Win32
		{C8F69DCB-09ED-4C12-8DEE-912966253C65}.Release|Any CPU.ActiveCfg = Release|x64
		{C8F69DCB-09ED-4C12-8DEE-912966253C65}.Release|Any CPU.Build.0 = Release|x64
		{C8F69DCB-09ED-4C12-8DEE-912966253C65}.Release|x64.ActiveCfg = Release|x64
		{C8F69DCB-09ED-4C12-8DEE-912966253C65}.Release|x64.Build.0 = Release|x64
		{C8F69DCB-09ED-4C12-8DEE-912966253C65}.Release|x86.ActiveCfg = Release|Win32
		{C8F69DCB-09ED-4C12-8DEE-912966253C65}.Release|x86.Build.0 = Release|Win32
		{C8F69DCB-09ED-4C12-8DEE-912966253C65}.RelWithDebInfo|Any CPU.ActiveCfg = Release|x64
		{C8F69DCB-09ED-4C12-8DEE-912966253C65}.RelWithDebInfo|Any CPU.Build.0 = Release|x64
		{C8F69DCB-09ED-4C12-8DEE-912966253C65}.RelWithDebInfo|x64.ActiveCfg = Release|x64
		{C8F69DCB-09ED-4C12-8DEE-912966253C65}.RelWithDebInfo|x64.Build.0 = Release|x64
		{C8F69DCB-09ED-4C12-8DEE-912966253C65}.RelWithDebInfo|x86.ActiveCfg = Release|Win32
		{C8F69DCB-09ED-4C12-8DEE-912966253C65}.RelWithDebInfo|x86.Build.0 = Release|Win32
		{EE02D17C-D28A-475F-9B64-C596B2487577}.Debug|Any CPU.ActiveCfg = Debug|Any CPU
		{EE02D17C-D28A-475F-9B64-C596B2487577}.Debug|Any CPU.Build.0 = Debug|Any CPU
		{EE02D17C-D28A-475F-9B64-C596B2487577}.Debug|x64.ActiveCfg = Debug|Any CPU
		{EE02D17C-D28A-475F-9B64-C596B2487577}.Debug|x64.Build.0 = Debug|Any CPU
		{EE02D17C-D28A-475F-9B64-C596B2487577}.Debug|x86.ActiveCfg = Debug|Any CPU
		{EE02D17C-D28A-475F-9B64-C596B2487577}.Debug|x86.Build.0 = Debug|Any CPU
		{EE02D17C-D28A-475F-9B64-C596B2487577}.MinSizeRel|Any CPU.ActiveCfg = Debug|Any CPU
		{EE02D17C-D28A-475F-9B64-C596B2487577}.MinSizeRel|Any CPU.Build.0 = Debug|Any CPU
		{EE02D17C-D28A-475F-9B64-C596B2487577}.MinSizeRel|x64.ActiveCfg = Debug|Any CPU
		{EE02D17C-D28A-475F-9B64-C596B2487577}.MinSizeRel|x64.Build.0 = Debug|Any CPU
		{EE02D17C-D28A-475F-9B64-C596B2487577}.MinSizeRel|x86.ActiveCfg = Debug|Any CPU
		{EE02D17C-D28A-475F-9B64-C596B2487577}.MinSizeRel|x86.Build.0 = Debug|Any CPU
		{EE02D17C-D28A-475F-9B64-C596B2487577}.Release|Any CPU.ActiveCfg = Release|Any CPU
		{EE02D17C-D28A-475F-9B64-C596B2487577}.Release|Any CPU.Build.0 = Release|Any CPU
		{EE02D17C-D28A-475F-9B64-C596B2487577}.Release|x64.ActiveCfg = Release|Any CPU
		{EE02D17C-D28A-475F-9B64-C596B2487577}.Release|x64.Build.0 = Release|Any CPU
		{EE02D17C-D28A-475F-9B64-C596B2487577}.Release|x86.ActiveCfg = Release|Any CPU
		{EE02D17C-D28A-475F-9B64-C596B2487577}.Release|x86.Build.0 = Release|Any CPU
		{EE02D17C-D28A-475F-9B64-C596B2487577}.RelWithDebInfo|Any CPU.ActiveCfg = Release|Any CPU
		{EE02D17C-D28A-475F-9B64-C596B2487577}.RelWithDebInfo|Any CPU.Build.0 = Release|Any CPU
		{EE02D17C-D28A-475F-9B64-C596B2487577}.RelWithDebInfo|x64.ActiveCfg = Release|Any CPU
		{EE02D17C-D28A-475F-9B64-C596B2487577}.RelWithDebInfo|x64.Build.0 = Release|Any CPU
		{EE02D17C-D28A-475F-9B64-C596B2487577}.RelWithDebInfo|x86.ActiveCfg = Release|Any CPU
		{EE02D17C-D28A-475F-9B64-C596B2487577}.RelWithDebInfo|x86.Build.0 = Release|Any CPU
		{34D93FA0-1F45-48C5-AAD8-B13D9E6BB1CA}.Debug|Any CPU.ActiveCfg = Debug|Any CPU
		{34D93FA0-1F45-48C5-AAD8-B13D9E6BB1CA}.Debug|Any CPU.Build.0 = Debug|Any CPU
		{34D93FA0-1F45-48C5-AAD8-B13D9E6BB1CA}.Debug|x64.ActiveCfg = Debug|Any CPU
		{34D93FA0-1F45-48C5-AAD8-B13D9E6BB1CA}.Debug|x64.Build.0 = Debug|Any CPU
		{34D93FA0-1F45-48C5-AAD8-B13D9E6BB1CA}.Debug|x86.ActiveCfg = Debug|Any CPU
		{34D93FA0-1F45-48C5-AAD8-B13D9E6BB1CA}.Debug|x86.Build.0 = Debug|Any CPU
		{34D93FA0-1F45-48C5-AAD8-B13D9E6BB1CA}.MinSizeRel|Any CPU.ActiveCfg = Debug|Any CPU
		{34D93FA0-1F45-48C5-AAD8-B13D9E6BB1CA}.MinSizeRel|Any CPU.Build.0 = Debug|Any CPU
		{34D93FA0-1F45-48C5-AAD8-B13D9E6BB1CA}.MinSizeRel|x64.ActiveCfg = Debug|Any CPU
		{34D93FA0-1F45-48C5-AAD8-B13D9E6BB1CA}.MinSizeRel|x64.Build.0 = Debug|Any CPU
		{34D93FA0-1F45-48C5-AAD8-B13D9E6BB1CA}.MinSizeRel|x86.ActiveCfg = Debug|Any CPU
		{34D93FA0-1F45-48C5-AAD8-B13D9E6BB1CA}.MinSizeRel|x86.Build.0 = Debug|Any CPU
		{34D93FA0-1F45-48C5-AAD8-B13D9E6BB1CA}.Release|Any CPU.ActiveCfg = Release|Any CPU
		{34D93FA0-1F45-48C5-AAD8-B13D9E6BB1CA}.Release|Any CPU.Build.0 = Release|Any CPU
		{34D93FA0-1F45-48C5-AAD8-B13D9E6BB1CA}.Release|x64.ActiveCfg = Release|Any CPU
		{34D93FA0-1F45-48C5-AAD8-B13D9E6BB1CA}.Release|x64.Build.0 = Release|Any CPU
		{34D93FA0-1F45-48C5-AAD8-B13D9E6BB1CA}.Release|x86.ActiveCfg = Release|Any CPU
		{34D93FA0-1F45-48C5-AAD8-B13D9E6BB1CA}.Release|x86.Build.0 = Release|Any CPU
		{34D93FA0-1F45-48C5-AAD8-B13D9E6BB1CA}.RelWithDebInfo|Any CPU.ActiveCfg = Release|Any CPU
		{34D93FA0-1F45-48C5-AAD8-B13D9E6BB1CA}.RelWithDebInfo|Any CPU.Build.0 = Release|Any CPU
		{34D93FA0-1F45-48C5-AAD8-B13D9E6BB1CA}.RelWithDebInfo|x64.ActiveCfg = Release|Any CPU
		{34D93FA0-1F45-48C5-AAD8-B13D9E6BB1CA}.RelWithDebInfo|x64.Build.0 = Release|Any CPU
		{34D93FA0-1F45-48C5-AAD8-B13D9E6BB1CA}.RelWithDebInfo|x86.ActiveCfg = Release|Any CPU
		{34D93FA0-1F45-48C5-AAD8-B13D9E6BB1CA}.RelWithDebInfo|x86.Build.0 = Release|Any CPU
		{C4E84887-217E-438A-A403-BA94760BB015}.Debug|Any CPU.ActiveCfg = Debug|Any CPU
		{C4E84887-217E-438A-A403-BA94760BB015}.Debug|Any CPU.Build.0 = Debug|Any CPU
		{C4E84887-217E-438A-A403-BA94760BB015}.Debug|x64.ActiveCfg = Debug|Any CPU
		{C4E84887-217E-438A-A403-BA94760BB015}.Debug|x64.Build.0 = Debug|Any CPU
		{C4E84887-217E-438A-A403-BA94760BB015}.Debug|x86.ActiveCfg = Debug|Any CPU
		{C4E84887-217E-438A-A403-BA94760BB015}.Debug|x86.Build.0 = Debug|Any CPU
		{C4E84887-217E-438A-A403-BA94760BB015}.MinSizeRel|Any CPU.ActiveCfg = Debug|Any CPU
		{C4E84887-217E-438A-A403-BA94760BB015}.MinSizeRel|Any CPU.Build.0 = Debug|Any CPU
		{C4E84887-217E-438A-A403-BA94760BB015}.MinSizeRel|x64.ActiveCfg = Debug|Any CPU
		{C4E84887-217E-438A-A403-BA94760BB015}.MinSizeRel|x64.Build.0 = Debug|Any CPU
		{C4E84887-217E-438A-A403-BA94760BB015}.MinSizeRel|x86.ActiveCfg = Debug|Any CPU
		{C4E84887-217E-438A-A403-BA94760BB015}.MinSizeRel|x86.Build.0 = Debug|Any CPU
		{C4E84887-217E-438A-A403-BA94760BB015}.Release|Any CPU.ActiveCfg = Release|Any CPU
		{C4E84887-217E-438A-A403-BA94760BB015}.Release|Any CPU.Build.0 = Release|Any CPU
		{C4E84887-217E-438A-A403-BA94760BB015}.Release|x64.ActiveCfg = Release|Any CPU
		{C4E84887-217E-438A-A403-BA94760BB015}.Release|x64.Build.0 = Release|Any CPU
		{C4E84887-217E-438A-A403-BA94760BB015}.Release|x86.ActiveCfg = Release|Any CPU
		{C4E84887-217E-438A-A403-BA94760BB015}.Release|x86.Build.0 = Release|Any CPU
		{C4E84887-217E-438A-A403-BA94760BB015}.RelWithDebInfo|Any CPU.ActiveCfg = Release|Any CPU
		{C4E84887-217E-438A-A403-BA94760BB015}.RelWithDebInfo|Any CPU.Build.0 = Release|Any CPU
		{C4E84887-217E-438A-A403-BA94760BB015}.RelWithDebInfo|x64.ActiveCfg = Release|Any CPU
		{C4E84887-217E-438A-A403-BA94760BB015}.RelWithDebInfo|x64.Build.0 = Release|Any CPU
		{C4E84887-217E-438A-A403-BA94760BB015}.RelWithDebInfo|x86.ActiveCfg = Release|Any CPU
		{C4E84887-217E-438A-A403-BA94760BB015}.RelWithDebInfo|x86.Build.0 = Release|Any CPU
		{364CFD06-6999-4D99-9C64-228EB804396A}.Debug|Any CPU.ActiveCfg = Debug|x64
		{364CFD06-6999-4D99-9C64-228EB804396A}.Debug|Any CPU.Build.0 = Debug|x64
		{364CFD06-6999-4D99-9C64-228EB804396A}.Debug|x64.ActiveCfg = Debug|x64
		{364CFD06-6999-4D99-9C64-228EB804396A}.Debug|x64.Build.0 = Debug|x64
		{364CFD06-6999-4D99-9C64-228EB804396A}.Debug|x86.ActiveCfg = Debug|Win32
		{364CFD06-6999-4D99-9C64-228EB804396A}.Debug|x86.Build.0 = Debug|Win32
		{364CFD06-6999-4D99-9C64-228EB804396A}.MinSizeRel|Any CPU.ActiveCfg = Debug|x64
		{364CFD06-6999-4D99-9C64-228EB804396A}.MinSizeRel|Any CPU.Build.0 = Debug|x64
		{364CFD06-6999-4D99-9C64-228EB804396A}.MinSizeRel|x64.ActiveCfg = Debug|x64
		{364CFD06-6999-4D99-9C64-228EB804396A}.MinSizeRel|x64.Build.0 = Debug|x64
		{364CFD06-6999-4D99-9C64-228EB804396A}.MinSizeRel|x86.ActiveCfg = Debug|Win32
		{364CFD06-6999-4D99-9C64-228EB804396A}.MinSizeRel|x86.Build.0 = Debug|Win32
		{364CFD06-6999-4D99-9C64-228EB804396A}.Release|Any CPU.ActiveCfg = Release|x64
		{364CFD06-6999-4D99-9C64-228EB804396A}.Release|Any CPU.Build.0 = Release|x64
		{364CFD06-6999-4D99-9C64-228EB804396A}.Release|x64.ActiveCfg = Release|x64
		{364CFD06-6999-4D99-9C64-228EB804396A}.Release|x64.Build.0 = Release|x64
		{364CFD06-6999-4D99-9C64-228EB804396A}.Release|x86.ActiveCfg = Release|Win32
		{364CFD06-6999-4D99-9C64-228EB804396A}.Release|x86.Build.0 = Release|Win32
		{364CFD06-6999-4D99-9C64-228EB804396A}.RelWithDebInfo|Any CPU.ActiveCfg = Release|x64
		{364CFD06-6999-4D99-9C64-228EB804396A}.RelWithDebInfo|Any CPU.Build.0 = Release|x64
		{364CFD06-6999-4D99-9C64-228EB804396A}.RelWithDebInfo|x64.ActiveCfg = Release|x64
		{364CFD06-6999-4D99-9C64-228EB804396A}.RelWithDebInfo|x64.Build.0 = Release|x64
		{364CFD06-6999-4D99-9C64-228EB804396A}.RelWithDebInfo|x86.ActiveCfg = Release|Win32
		{364CFD06-6999-4D99-9C64-228EB804396A}.RelWithDebInfo|x86.Build.0 = Release|Win32
		{53C18F77-D76B-4FDA-85AE-2ED0F403C2BC}.Debug|Any CPU.ActiveCfg = Debug|x64
		{53C18F77-D76B-4FDA-85AE-2ED0F403C2BC}.Debug|Any CPU.Build.0 = Debug|x64
		{53C18F77-D76B-4FDA-85AE-2ED0F403C2BC}.Debug|x64.ActiveCfg = Debug|x64
		{53C18F77-D76B-4FDA-85AE-2ED0F403C2BC}.Debug|x64.Build.0 = Debug|x64
		{53C18F77-D76B-4FDA-85AE-2ED0F403C2BC}.Debug|x86.ActiveCfg = Debug|Win32
		{53C18F77-D76B-4FDA-85AE-2ED0F403C2BC}.Debug|x86.Build.0 = Debug|Win32
		{53C18F77-D76B-4FDA-85AE-2ED0F403C2BC}.MinSizeRel|Any CPU.ActiveCfg = Debug|x64
		{53C18F77-D76B-4FDA-85AE-2ED0F403C2BC}.MinSizeRel|Any CPU.Build.0 = Debug|x64
		{53C18F77-D76B-4FDA-85AE-2ED0F403C2BC}.MinSizeRel|x64.ActiveCfg = Debug|x64
		{53C18F77-D76B-4FDA-85AE-2ED0F403C2BC}.MinSizeRel|x64.Build.0 = Debug|x64
		{53C18F77-D76B-4FDA-85AE-2ED0F403C2BC}.MinSizeRel|x86.ActiveCfg = Debug|Win32
		{53C18F77-D76B-4FDA-85AE-2ED0F403C2BC}.MinSizeRel|x86.Build.0 = Debug|Win32
		{53C18F77-D76B-4FDA-85AE-2ED0F403C2BC}.Release|Any CPU.ActiveCfg = Release|x64
		{53C18F77-D76B-4FDA-85AE-2ED0F403C2BC}.Release|Any CPU.Build.0 = Release|x64
		{53C18F77-D76B-4FDA-85AE-2ED0F403C2BC}.Release|x64.ActiveCfg = Release|x64
		{53C18F77-D76B-4FDA-85AE-2ED0F403C2BC}.Release|x64.Build.0 = Release|x64
		{53C18F77-D76B-4FDA-85AE-2ED0F403C2BC}.Release|x86.ActiveCfg = Release|Win32
		{53C18F77-D76B-4FDA-85AE-2ED0F403C2BC}.Release|x86.Build.0 = Release|Win32
		{53C18F77-D76B-4FDA-85AE-2ED0F403C2BC}.RelWithDebInfo|Any CPU.ActiveCfg = Release|x64
		{53C18F77-D76B-4FDA-85AE-2ED0F403C2BC}.RelWithDebInfo|Any CPU.Build.0 = Release|x64
		{53C18F77-D76B-4FDA-85AE-2ED0F403C2BC}.RelWithDebInfo|x64.ActiveCfg = Release|x64
		{53C18F77-D76B-4FDA-85AE-2ED0F403C2BC}.RelWithDebInfo|x64.Build.0 = Release|x64
		{53C18F77-D76B-4FDA-85AE-2ED0F403C2BC}.RelWithDebInfo|x86.ActiveCfg = Release|Win32
		{53C18F77-D76B-4FDA-85AE-2ED0F403C2BC}.RelWithDebInfo|x86.Build.0 = Release|Win32
		{5339CF4E-8BD6-43C4-9A95-BE900B352884}.Debug|Any CPU.ActiveCfg = Debug|x64
		{5339CF4E-8BD6-43C4-9A95-BE900B352884}.Debug|Any CPU.Build.0 = Debug|x64
		{5339CF4E-8BD6-43C4-9A95-BE900B352884}.Debug|x64.ActiveCfg = Debug|x64
		{5339CF4E-8BD6-43C4-9A95-BE900B352884}.Debug|x64.Build.0 = Debug|x64
		{5339CF4E-8BD6-43C4-9A95-BE900B352884}.Debug|x86.ActiveCfg = Debug|Win32
		{5339CF4E-8BD6-43C4-9A95-BE900B352884}.Debug|x86.Build.0 = Debug|Win32
		{5339CF4E-8BD6-43C4-9A95-BE900B352884}.MinSizeRel|Any CPU.ActiveCfg = Debug|x64
		{5339CF4E-8BD6-43C4-9A95-BE900B352884}.MinSizeRel|Any CPU.Build.0 = Debug|x64
		{5339CF4E-8BD6-43C4-9A95-BE900B352884}.MinSizeRel|x64.ActiveCfg = Debug|x64
		{5339CF4E-8BD6-43C4-9A95-BE900B352884}.MinSizeRel|x64.Build.0 = Debug|x64
		{5339CF4E-8BD6-43C4-9A95-BE900B352884}.MinSizeRel|x86.ActiveCfg = Debug|Win32
		{5339CF4E-8BD6-43C4-9A95-BE900B352884}.MinSizeRel|x86.Build.0 = Debug|Win32
		{5339CF4E-8BD6-43C4-9A95-BE900B352884}.Release|Any CPU.ActiveCfg = Release|x64
		{5339CF4E-8BD6-43C4-9A95-BE900B352884}.Release|Any CPU.Build.0 = Release|x64
		{5339CF4E-8BD6-43C4-9A95-BE900B352884}.Release|x64.ActiveCfg = Release|x64
		{5339CF4E-8BD6-43C4-9A95-BE900B352884}.Release|x64.Build.0 = Release|x64
		{5339CF4E-8BD6-43C4-9A95-BE900B352884}.Release|x86.ActiveCfg = Release|Win32
		{5339CF4E-8BD6-43C4-9A95-BE900B352884}.Release|x86.Build.0 = Release|Win32
		{5339CF4E-8BD6-43C4-9A95-BE900B352884}.RelWithDebInfo|Any CPU.ActiveCfg = Release|x64
		{5339CF4E-8BD6-43C4-9A95-BE900B352884}.RelWithDebInfo|Any CPU.Build.0 = Release|x64
		{5339CF4E-8BD6-43C4-9A95-BE900B352884}.RelWithDebInfo|x64.ActiveCfg = Release|x64
		{5339CF4E-8BD6-43C4-9A95-BE900B352884}.RelWithDebInfo|x64.Build.0 = Release|x64
		{5339CF4E-8BD6-43C4-9A95-BE900B352884}.RelWithDebInfo|x86.ActiveCfg = Release|Win32
		{5339CF4E-8BD6-43C4-9A95-BE900B352884}.RelWithDebInfo|x86.Build.0 = Release|Win32
	EndGlobalSection
	GlobalSection(SolutionProperties) = preSolution
		HideSolutionNode = FALSE
	EndGlobalSection
	GlobalSection(NestedProjects) = preSolution
		{C8F69DCB-09ED-4C12-8DEE-912966253C65} = {3A37582F-5E2A-43E2-90CB-2D067C3219EC}
		{EE02D17C-D28A-475F-9B64-C596B2487577} = {3A37582F-5E2A-43E2-90CB-2D067C3219EC}
		{34D93FA0-1F45-48C5-AAD8-B13D9E6BB1CA} = {3A37582F-5E2A-43E2-90CB-2D067C3219EC}
		{C4E84887-217E-438A-A403-BA94760BB015} = {3A37582F-5E2A-43E2-90CB-2D067C3219EC}
		{364CFD06-6999-4D99-9C64-228EB804396A} = {3A37582F-5E2A-43E2-90CB-2D067C3219EC}
		{53C18F77-D76B-4FDA-85AE-2ED0F403C2BC} = {3A37582F-5E2A-43E2-90CB-2D067C3219EC}
		{5339CF4E-8BD6-43C4-9A95-BE900B352884} = {3A37582F-5E2A-43E2-90CB-2D067C3219EC}
	EndGlobalSection
	GlobalSection(ExtensibilityGlobals) = postSolution
		SolutionGuid = {EB2C8857-1E79-4E3F-BF95-0F70B552A24A}
	EndGlobalSection
EndGlobal
