
Microsoft Visual Studio Solution File, Format Version 12.00
# Visual Studio Version 17
VisualStudioVersion = 17.9.34622.214
MinimumVisualStudioVersion = 10.0.40219.1
Project("{8BC9CEB8-8B4A-11D0-8D11-00A0C91BC942}") = "Plugin.ManagePartList", "sample1\Sample1Plugin.vcxproj", "{D228C07D-7714-3007-8652-B1465CAE32ED}"
EndProject
Project("{8BC9CEB8-8B4A-11D0-8D11-00A0C91BC942}") = "Plugin.ImportFile", "sample2\Sample2Plugin.vcxproj", "{934DC8BF-0114-39A5-8A80-53419C832EEB}"
EndProject
Project("{8BC9CEB8-8B4A-11D0-8D11-00A0C91BC942}") = "Kylin.PluginBase", "Plugin.Infrastructure\Plugin.Infrastructure.vcxproj", "{1AE59BD8-D9E6-4AD8-A2FF-886DA218F74E}"
EndProject
Project("{8BC9CEB8-8B4A-11D0-8D11-00A0C91BC942}") = "PluginsDemo", "PluginsDemo\PluginsDemo.vcxproj", "{40A1D701-24B8-4EF8-81F2-DE4BBBAD648B}"
	ProjectSection(ProjectDependencies) = postProject
		{34D93FA0-1F45-48C5-AAD8-B13D9E6BB1CA} = {34D93FA0-1F45-48C5-AAD8-B13D9E6BB1CA}
	EndProjectSection
EndProject
Project("{2150E333-8FDC-42A3-9474-1A3956D46DE8}") = "Window", "Window", "{3A37582F-5E2A-43E2-90CB-2D067C3219EC}"
EndProject
Project("{FAE04EC0-301F-11D3-BF4B-00C04F79EFBC}") = "MyMainWindow", "Window\MyMainWindow\MyMainWindow.csproj", "{34D93FA0-1F45-48C5-AAD8-B13D9E6BB1CA}"
	ProjectSection(ProjectDependencies) = postProject
		{AB1A15C9-FB38-48E0-B1FD-F9AF4B6B4AA3} = {AB1A15C9-FB38-48E0-B1FD-F9AF4B6B4AA3}
	EndProjectSection
EndProject
Project("{2150E333-8FDC-42A3-9474-1A3956D46DE8}") = "Documents", "Documents", "{2129709E-9F3A-45E0-9917-F9EDE5922554}"
	ProjectSection(SolutionItems) = preProject
		README.md = README.md
	EndProjectSection
EndProject
Project("{2150E333-8FDC-42A3-9474-1A3956D46DE8}") = ".ThirdParty", ".ThirdParty", "{3FCF9BCE-2070-4FF3-87A9-3F0A11131B1E}"
EndProject
Project("{8BC9CEB8-8B4A-11D0-8D11-00A0C91BC942}") = "Kylin.CSharpAdapter", "CamAdapter\CamAdapter.vcxproj", "{AB1A15C9-FB38-48E0-B1FD-F9AF4B6B4AA3}"
	ProjectSection(ProjectDependencies) = postProject
		{1AE59BD8-D9E6-4AD8-A2FF-886DA218F74E} = {1AE59BD8-D9E6-4AD8-A2FF-886DA218F74E}
	EndProjectSection
EndProject
Project("{2150E333-8FDC-42A3-9474-1A3956D46DE8}") = "Plugins", "Plugins", "{58821686-968D-4DA8-919F-AC3FAF0301D7}"
EndProject
Project("{2150E333-8FDC-42A3-9474-1A3956D46DE8}") = "Infrastructure", "Infrastructure", "{A3F3405E-BEBD-4CC5-8408-B058B38532A8}"
EndProject
Project("{8BC9CEB8-8B4A-11D0-8D11-00A0C91BC942}") = "Kylin.Core", "Kylin.Core\Kylin.Core.vcxproj", "{B8F1A60C-68AF-4428-9095-C31C81409099}"
EndProject
Global
	GlobalSection(SolutionConfigurationPlatforms) = preSolution
		Debug|Any CPU = Debug|Any CPU
		Debug|x64 = Debug|x64
		Debug|x86 = Debug|x86
		MinSizeRel|Any CPU = MinSizeRel|Any CPU
		MinSizeRel|x64 = MinSizeRel|x64
		MinSizeRel|x86 = MinSizeRel|x86
		Release|Any CPU = Release|Any CPU
		Release|x64 = Release|x64
		Release|x86 = Release|x86
		RelWithDebInfo|Any CPU = RelWithDebInfo|Any CPU
		RelWithDebInfo|x64 = RelWithDebInfo|x64
		RelWithDebInfo|x86 = RelWithDebInfo|x86
	EndGlobalSection
	GlobalSection(ProjectConfigurationPlatforms) = postSolution
		{D228C07D-7714-3007-8652-B1465CAE32ED}.Debug|Any CPU.ActiveCfg = Debug|x64
		{D228C07D-7714-3007-8652-B1465CAE32ED}.Debug|Any CPU.Build.0 = Debug|x64
		{D228C07D-7714-3007-8652-B1465CAE32ED}.Debug|x64.ActiveCfg = Debug|x64
		{D228C07D-7714-3007-8652-B1465CAE32ED}.Debug|x64.Build.0 = Debug|x64
		{D228C07D-7714-3007-8652-B1465CAE32ED}.Debug|x86.ActiveCfg = Debug|x64
		{D228C07D-7714-3007-8652-B1465CAE32ED}.Debug|x86.Build.0 = Debug|x64
		{D228C07D-7714-3007-8652-B1465CAE32ED}.MinSizeRel|Any CPU.ActiveCfg = MinSizeRel|x64
		{D228C07D-7714-3007-8652-B1465CAE32ED}.MinSizeRel|Any CPU.Build.0 = MinSizeRel|x64
		{D228C07D-7714-3007-8652-B1465CAE32ED}.MinSizeRel|x64.ActiveCfg = MinSizeRel|x64
		{D228C07D-7714-3007-8652-B1465CAE32ED}.MinSizeRel|x64.Build.0 = MinSizeRel|x64
		{D228C07D-7714-3007-8652-B1465CAE32ED}.MinSizeRel|x86.ActiveCfg = MinSizeRel|x64
		{D228C07D-7714-3007-8652-B1465CAE32ED}.MinSizeRel|x86.Build.0 = MinSizeRel|x64
		{D228C07D-7714-3007-8652-B1465CAE32ED}.Release|Any CPU.ActiveCfg = Release|x64
		{D228C07D-7714-3007-8652-B1465CAE32ED}.Release|Any CPU.Build.0 = Release|x64
		{D228C07D-7714-3007-8652-B1465CAE32ED}.Release|x64.ActiveCfg = Release|x64
		{D228C07D-7714-3007-8652-B1465CAE32ED}.Release|x64.Build.0 = Release|x64
		{D228C07D-7714-3007-8652-B1465CAE32ED}.Release|x86.ActiveCfg = Release|x64
		{D228C07D-7714-3007-8652-B1465CAE32ED}.Release|x86.Build.0 = Release|x64
		{D228C07D-7714-3007-8652-B1465CAE32ED}.RelWithDebInfo|Any CPU.ActiveCfg = RelWithDebInfo|x64
		{D228C07D-7714-3007-8652-B1465CAE32ED}.RelWithDebInfo|Any CPU.Build.0 = RelWithDebInfo|x64
		{D228C07D-7714-3007-8652-B1465CAE32ED}.RelWithDebInfo|x64.ActiveCfg = RelWithDebInfo|x64
		{D228C07D-7714-3007-8652-B1465CAE32ED}.RelWithDebInfo|x64.Build.0 = RelWithDebInfo|x64
		{D228C07D-7714-3007-8652-B1465CAE32ED}.RelWithDebInfo|x86.ActiveCfg = RelWithDebInfo|x64
		{D228C07D-7714-3007-8652-B1465CAE32ED}.RelWithDebInfo|x86.Build.0 = RelWithDebInfo|x64
		{934DC8BF-0114-39A5-8A80-53419C832EEB}.Debug|Any CPU.ActiveCfg = Debug|x64
		{934DC8BF-0114-39A5-8A80-53419C832EEB}.Debug|Any CPU.Build.0 = Debug|x64
		{934DC8BF-0114-39A5-8A80-53419C832EEB}.Debug|x64.ActiveCfg = Debug|x64
		{934DC8BF-0114-39A5-8A80-53419C832EEB}.Debug|x64.Build.0 = Debug|x64
		{934DC8BF-0114-39A5-8A80-53419C832EEB}.Debug|x86.ActiveCfg = Debug|x64
		{934DC8BF-0114-39A5-8A80-53419C832EEB}.Debug|x86.Build.0 = Debug|x64
		{934DC8BF-0114-39A5-8A80-53419C832EEB}.MinSizeRel|Any CPU.ActiveCfg = MinSizeRel|x64
		{934DC8BF-0114-39A5-8A80-53419C832EEB}.MinSizeRel|Any CPU.Build.0 = MinSizeRel|x64
		{934DC8BF-0114-39A5-8A80-53419C832EEB}.MinSizeRel|x64.ActiveCfg = MinSizeRel|x64
		{934DC8BF-0114-39A5-8A80-53419C832EEB}.MinSizeRel|x64.Build.0 = MinSizeRel|x64
		{934DC8BF-0114-39A5-8A80-53419C832EEB}.MinSizeRel|x86.ActiveCfg = MinSizeRel|x64
		{934DC8BF-0114-39A5-8A80-53419C832EEB}.MinSizeRel|x86.Build.0 = MinSizeRel|x64
		{934DC8BF-0114-39A5-8A80-53419C832EEB}.Release|Any CPU.ActiveCfg = Release|x64
		{934DC8BF-0114-39A5-8A80-53419C832EEB}.Release|Any CPU.Build.0 = Release|x64
		{934DC8BF-0114-39A5-8A80-53419C832EEB}.Release|x64.ActiveCfg = Release|x64
		{934DC8BF-0114-39A5-8A80-53419C832EEB}.Release|x64.Build.0 = Release|x64
		{934DC8BF-0114-39A5-8A80-53419C832EEB}.Release|x86.ActiveCfg = Release|x64
		{934DC8BF-0114-39A5-8A80-53419C832EEB}.Release|x86.Build.0 = Release|x64
		{934DC8BF-0114-39A5-8A80-53419C832EEB}.RelWithDebInfo|Any CPU.ActiveCfg = RelWithDebInfo|x64
		{934DC8BF-0114-39A5-8A80-53419C832EEB}.RelWithDebInfo|Any CPU.Build.0 = RelWithDebInfo|x64
		{934DC8BF-0114-39A5-8A80-53419C832EEB}.RelWithDebInfo|x64.ActiveCfg = RelWithDebInfo|x64
		{934DC8BF-0114-39A5-8A80-53419C832EEB}.RelWithDebInfo|x64.Build.0 = RelWithDebInfo|x64
		{934DC8BF-0114-39A5-8A80-53419C832EEB}.RelWithDebInfo|x86.ActiveCfg = RelWithDebInfo|x64
		{934DC8BF-0114-39A5-8A80-53419C832EEB}.RelWithDebInfo|x86.Build.0 = RelWithDebInfo|x64
		{1AE59BD8-D9E6-4AD8-A2FF-886DA218F74E}.Debug|Any CPU.ActiveCfg = Debug|x64
		{1AE59BD8-D9E6-4AD8-A2FF-886DA218F74E}.Debug|Any CPU.Build.0 = Debug|x64
		{1AE59BD8-D9E6-4AD8-A2FF-886DA218F74E}.Debug|x64.ActiveCfg = Debug|x64
		{1AE59BD8-D9E6-4AD8-A2FF-886DA218F74E}.Debug|x64.Build.0 = Debug|x64
		{1AE59BD8-D9E6-4AD8-A2FF-886DA218F74E}.Debug|x86.ActiveCfg = Debug|Win32
		{1AE59BD8-D9E6-4AD8-A2FF-886DA218F74E}.Debug|x86.Build.0 = Debug|Win32
		{1AE59BD8-D9E6-4AD8-A2FF-886DA218F74E}.MinSizeRel|Any CPU.ActiveCfg = Debug|x64
		{1AE59BD8-D9E6-4AD8-A2FF-886DA218F74E}.MinSizeRel|Any CPU.Build.0 = Debug|x64
		{1AE59BD8-D9E6-4AD8-A2FF-886DA218F74E}.MinSizeRel|x64.ActiveCfg = Debug|x64
		{1AE59BD8-D9E6-4AD8-A2FF-886DA218F74E}.MinSizeRel|x64.Build.0 = Debug|x64
		{1AE59BD8-D9E6-4AD8-A2FF-886DA218F74E}.MinSizeRel|x86.ActiveCfg = Debug|Win32
		{1AE59BD8-D9E6-4AD8-A2FF-886DA218F74E}.MinSizeRel|x86.Build.0 = Debug|Win32
		{1AE59BD8-D9E6-4AD8-A2FF-886DA218F74E}.Release|Any CPU.ActiveCfg = Release|x64
		{1AE59BD8-D9E6-4AD8-A2FF-886DA218F74E}.Release|Any CPU.Build.0 = Release|x64
		{1AE59BD8-D9E6-4AD8-A2FF-886DA218F74E}.Release|x64.ActiveCfg = Release|x64
		{1AE59BD8-D9E6-4AD8-A2FF-886DA218F74E}.Release|x64.Build.0 = Release|x64
		{1AE59BD8-D9E6-4AD8-A2FF-886DA218F74E}.Release|x86.ActiveCfg = Release|Win32
		{1AE59BD8-D9E6-4AD8-A2FF-886DA218F74E}.Release|x86.Build.0 = Release|Win32
		{1AE59BD8-D9E6-4AD8-A2FF-886DA218F74E}.RelWithDebInfo|Any CPU.ActiveCfg = Release|x64
		{1AE59BD8-D9E6-4AD8-A2FF-886DA218F74E}.RelWithDebInfo|Any CPU.Build.0 = Release|x64
		{1AE59BD8-D9E6-4AD8-A2FF-886DA218F74E}.RelWithDebInfo|x64.ActiveCfg = Release|x64
		{1AE59BD8-D9E6-4AD8-A2FF-886DA218F74E}.RelWithDebInfo|x64.Build.0 = Release|x64
		{1AE59BD8-D9E6-4AD8-A2FF-886DA218F74E}.RelWithDebInfo|x86.ActiveCfg = Release|Win32
		{1AE59BD8-D9E6-4AD8-A2FF-886DA218F74E}.RelWithDebInfo|x86.Build.0 = Release|Win32
		{40A1D701-24B8-4EF8-81F2-DE4BBBAD648B}.Debug|Any CPU.ActiveCfg = Debug|x64
		{40A1D701-24B8-4EF8-81F2-DE4BBBAD648B}.Debug|Any CPU.Build.0 = Debug|x64
		{40A1D701-24B8-4EF8-81F2-DE4BBBAD648B}.Debug|x64.ActiveCfg = Debug|x64
		{40A1D701-24B8-4EF8-81F2-DE4BBBAD648B}.Debug|x64.Build.0 = Debug|x64
		{40A1D701-24B8-4EF8-81F2-DE4BBBAD648B}.Debug|x86.ActiveCfg = Debug|Win32
		{40A1D701-24B8-4EF8-81F2-DE4BBBAD648B}.Debug|x86.Build.0 = Debug|Win32
		{40A1D701-24B8-4EF8-81F2-DE4BBBAD648B}.MinSizeRel|Any CPU.ActiveCfg = Debug|x64
		{40A1D701-24B8-4EF8-81F2-DE4BBBAD648B}.MinSizeRel|Any CPU.Build.0 = Debug|x64
		{40A1D701-24B8-4EF8-81F2-DE4BBBAD648B}.MinSizeRel|x64.ActiveCfg = Debug|x64
		{40A1D701-24B8-4EF8-81F2-DE4BBBAD648B}.MinSizeRel|x64.Build.0 = Debug|x64
		{40A1D701-24B8-4EF8-81F2-DE4BBBAD648B}.MinSizeRel|x86.ActiveCfg = Debug|Win32
		{40A1D701-24B8-4EF8-81F2-DE4BBBAD648B}.MinSizeRel|x86.Build.0 = Debug|Win32
		{40A1D701-24B8-4EF8-81F2-DE4BBBAD648B}.Release|Any CPU.ActiveCfg = Release|x64
		{40A1D701-24B8-4EF8-81F2-DE4BBBAD648B}.Release|Any CPU.Build.0 = Release|x64
		{40A1D701-24B8-4EF8-81F2-DE4BBBAD648B}.Release|x64.ActiveCfg = Release|x64
		{40A1D701-24B8-4EF8-81F2-DE4BBBAD648B}.Release|x64.Build.0 = Release|x64
		{40A1D701-24B8-4EF8-81F2-DE4BBBAD648B}.Release|x86.ActiveCfg = Release|Win32
		{40A1D701-24B8-4EF8-81F2-DE4BBBAD648B}.Release|x86.Build.0 = Release|Win32
		{40A1D701-24B8-4EF8-81F2-DE4BBBAD648B}.RelWithDebInfo|Any CPU.ActiveCfg = Release|x64
		{40A1D701-24B8-4EF8-81F2-DE4BBBAD648B}.RelWithDebInfo|Any CPU.Build.0 = Release|x64
		{40A1D701-24B8-4EF8-81F2-DE4BBBAD648B}.RelWithDebInfo|x64.ActiveCfg = Release|x64
		{40A1D701-24B8-4EF8-81F2-DE4BBBAD648B}.RelWithDebInfo|x64.Build.0 = Release|x64
		{40A1D701-24B8-4EF8-81F2-DE4BBBAD648B}.RelWithDebInfo|x86.ActiveCfg = Release|Win32
		{40A1D701-24B8-4EF8-81F2-DE4BBBAD648B}.RelWithDebInfo|x86.Build.0 = Release|Win32
		{34D93FA0-1F45-48C5-AAD8-B13D9E6BB1CA}.Debug|Any CPU.ActiveCfg = Debug|Any CPU
		{34D93FA0-1F45-48C5-AAD8-B13D9E6BB1CA}.Debug|Any CPU.Build.0 = Debug|Any CPU
		{34D93FA0-1F45-48C5-AAD8-B13D9E6BB1CA}.Debug|x64.ActiveCfg = Debug|Any CPU
		{34D93FA0-1F45-48C5-AAD8-B13D9E6BB1CA}.Debug|x64.Build.0 = Debug|Any CPU
		{34D93FA0-1F45-48C5-AAD8-B13D9E6BB1CA}.Debug|x86.ActiveCfg = Debug|Any CPU
		{34D93FA0-1F45-48C5-AAD8-B13D9E6BB1CA}.Debug|x86.Build.0 = Debug|Any CPU
		{34D93FA0-1F45-48C5-AAD8-B13D9E6BB1CA}.MinSizeRel|Any CPU.ActiveCfg = Debug|Any CPU
		{34D93FA0-1F45-48C5-AAD8-B13D9E6BB1CA}.MinSizeRel|Any CPU.Build.0 = Debug|Any CPU
		{34D93FA0-1F45-48C5-AAD8-B13D9E6BB1CA}.MinSizeRel|x64.ActiveCfg = Debug|Any CPU
		{34D93FA0-1F45-48C5-AAD8-B13D9E6BB1CA}.MinSizeRel|x64.Build.0 = Debug|Any CPU
		{34D93FA0-1F45-48C5-AAD8-B13D9E6BB1CA}.MinSizeRel|x86.ActiveCfg = Debug|Any CPU
		{34D93FA0-1F45-48C5-AAD8-B13D9E6BB1CA}.MinSizeRel|x86.Build.0 = Debug|Any CPU
		{34D93FA0-1F45-48C5-AAD8-B13D9E6BB1CA}.Release|Any CPU.ActiveCfg = Release|Any CPU
		{34D93FA0-1F45-48C5-AAD8-B13D9E6BB1CA}.Release|Any CPU.Build.0 = Release|Any CPU
		{34D93FA0-1F45-48C5-AAD8-B13D9E6BB1CA}.Release|x64.ActiveCfg = Release|Any CPU
		{34D93FA0-1F45-48C5-AAD8-B13D9E6BB1CA}.Release|x64.Build.0 = Release|Any CPU
		{34D93FA0-1F45-48C5-AAD8-B13D9E6BB1CA}.Release|x86.ActiveCfg = Release|Any CPU
		{34D93FA0-1F45-48C5-AAD8-B13D9E6BB1CA}.Release|x86.Build.0 = Release|Any CPU
		{34D93FA0-1F45-48C5-AAD8-B13D9E6BB1CA}.RelWithDebInfo|Any CPU.ActiveCfg = Release|Any CPU
		{34D93FA0-1F45-48C5-AAD8-B13D9E6BB1CA}.RelWithDebInfo|Any CPU.Build.0 = Release|Any CPU
		{34D93FA0-1F45-48C5-AAD8-B13D9E6BB1CA}.RelWithDebInfo|x64.ActiveCfg = Release|Any CPU
		{34D93FA0-1F45-48C5-AAD8-B13D9E6BB1CA}.RelWithDebInfo|x64.Build.0 = Release|Any CPU
		{34D93FA0-1F45-48C5-AAD8-B13D9E6BB1CA}.RelWithDebInfo|x86.ActiveCfg = Release|Any CPU
		{34D93FA0-1F45-48C5-AAD8-B13D9E6BB1CA}.RelWithDebInfo|x86.Build.0 = Release|Any CPU
		{AB1A15C9-FB38-48E0-B1FD-F9AF4B6B4AA3}.Debug|Any CPU.ActiveCfg = Debug|x64
		{AB1A15C9-FB38-48E0-B1FD-F9AF4B6B4AA3}.Debug|Any CPU.Build.0 = Debug|x64
		{AB1A15C9-FB38-48E0-B1FD-F9AF4B6B4AA3}.Debug|x64.ActiveCfg = Debug|x64
		{AB1A15C9-FB38-48E0-B1FD-F9AF4B6B4AA3}.Debug|x64.Build.0 = Debug|x64
		{AB1A15C9-FB38-48E0-B1FD-F9AF4B6B4AA3}.Debug|x86.ActiveCfg = Debug|Win32
		{AB1A15C9-FB38-48E0-B1FD-F9AF4B6B4AA3}.Debug|x86.Build.0 = Debug|Win32
		{AB1A15C9-FB38-48E0-B1FD-F9AF4B6B4AA3}.MinSizeRel|Any CPU.ActiveCfg = Debug|x64
		{AB1A15C9-FB38-48E0-B1FD-F9AF4B6B4AA3}.MinSizeRel|Any CPU.Build.0 = Debug|x64
		{AB1A15C9-FB38-48E0-B1FD-F9AF4B6B4AA3}.MinSizeRel|x64.ActiveCfg = Debug|x64
		{AB1A15C9-FB38-48E0-B1FD-F9AF4B6B4AA3}.MinSizeRel|x64.Build.0 = Debug|x64
		{AB1A15C9-FB38-48E0-B1FD-F9AF4B6B4AA3}.MinSizeRel|x86.ActiveCfg = Debug|Win32
		{AB1A15C9-FB38-48E0-B1FD-F9AF4B6B4AA3}.MinSizeRel|x86.Build.0 = Debug|Win32
		{AB1A15C9-FB38-48E0-B1FD-F9AF4B6B4AA3}.Release|Any CPU.ActiveCfg = Release|x64
		{AB1A15C9-FB38-48E0-B1FD-F9AF4B6B4AA3}.Release|Any CPU.Build.0 = Release|x64
		{AB1A15C9-FB38-48E0-B1FD-F9AF4B6B4AA3}.Release|x64.ActiveCfg = Release|x64
		{AB1A15C9-FB38-48E0-B1FD-F9AF4B6B4AA3}.Release|x64.Build.0 = Release|x64
		{AB1A15C9-FB38-48E0-B1FD-F9AF4B6B4AA3}.Release|x86.ActiveCfg = Release|Win32
		{AB1A15C9-FB38-48E0-B1FD-F9AF4B6B4AA3}.Release|x86.Build.0 = Release|Win32
		{AB1A15C9-FB38-48E0-B1FD-F9AF4B6B4AA3}.RelWithDebInfo|Any CPU.ActiveCfg = Release|x64
		{AB1A15C9-FB38-48E0-B1FD-F9AF4B6B4AA3}.RelWithDebInfo|Any CPU.Build.0 = Release|x64
		{AB1A15C9-FB38-48E0-B1FD-F9AF4B6B4AA3}.RelWithDebInfo|x64.ActiveCfg = Release|x64
		{AB1A15C9-FB38-48E0-B1FD-F9AF4B6B4AA3}.RelWithDebInfo|x64.Build.0 = Release|x64
		{AB1A15C9-FB38-48E0-B1FD-F9AF4B6B4AA3}.RelWithDebInfo|x86.ActiveCfg = Release|Win32
		{AB1A15C9-FB38-48E0-B1FD-F9AF4B6B4AA3}.RelWithDebInfo|x86.Build.0 = Release|Win32
		{B8F1A60C-68AF-4428-9095-C31C81409099}.Debug|Any CPU.ActiveCfg = Debug|x64
		{B8F1A60C-68AF-4428-9095-C31C81409099}.Debug|Any CPU.Build.0 = Debug|x64
		{B8F1A60C-68AF-4428-9095-C31C81409099}.Debug|x64.ActiveCfg = Debug|x64
		{B8F1A60C-68AF-4428-9095-C31C81409099}.Debug|x64.Build.0 = Debug|x64
		{B8F1A60C-68AF-4428-9095-C31C81409099}.Debug|x86.ActiveCfg = Debug|Win32
		{B8F1A60C-68AF-4428-9095-C31C81409099}.Debug|x86.Build.0 = Debug|Win32
		{B8F1A60C-68AF-4428-9095-C31C81409099}.MinSizeRel|Any CPU.ActiveCfg = Debug|x64
		{B8F1A60C-68AF-4428-9095-C31C81409099}.MinSizeRel|Any CPU.Build.0 = Debug|x64
		{B8F1A60C-68AF-4428-9095-C31C81409099}.MinSizeRel|x64.ActiveCfg = Debug|x64
		{B8F1A60C-68AF-4428-9095-C31C81409099}.MinSizeRel|x64.Build.0 = Debug|x64
		{B8F1A60C-68AF-4428-9095-C31C81409099}.MinSizeRel|x86.ActiveCfg = Debug|Win32
		{B8F1A60C-68AF-4428-9095-C31C81409099}.MinSizeRel|x86.Build.0 = Debug|Win32
		{B8F1A60C-68AF-4428-9095-C31C81409099}.Release|Any CPU.ActiveCfg = Release|x64
		{B8F1A60C-68AF-4428-9095-C31C81409099}.Release|Any CPU.Build.0 = Release|x64
		{B8F1A60C-68AF-4428-9095-C31C81409099}.Release|x64.ActiveCfg = Release|x64
		{B8F1A60C-68AF-4428-9095-C31C81409099}.Release|x64.Build.0 = Release|x64
		{B8F1A60C-68AF-4428-9095-C31C81409099}.Release|x86.ActiveCfg = Release|Win32
		{B8F1A60C-68AF-4428-9095-C31C81409099}.Release|x86.Build.0 = Release|Win32
		{B8F1A60C-68AF-4428-9095-C31C81409099}.RelWithDebInfo|Any CPU.ActiveCfg = Release|x64
		{B8F1A60C-68AF-4428-9095-C31C81409099}.RelWithDebInfo|Any CPU.Build.0 = Release|x64
		{B8F1A60C-68AF-4428-9095-C31C81409099}.RelWithDebInfo|x64.ActiveCfg = Release|x64
		{B8F1A60C-68AF-4428-9095-C31C81409099}.RelWithDebInfo|x64.Build.0 = Release|x64
		{B8F1A60C-68AF-4428-9095-C31C81409099}.RelWithDebInfo|x86.ActiveCfg = Release|Win32
		{B8F1A60C-68AF-4428-9095-C31C81409099}.RelWithDebInfo|x86.Build.0 = Release|Win32
	EndGlobalSection
	GlobalSection(SolutionProperties) = preSolution
		HideSolutionNode = FALSE
	EndGlobalSection
	GlobalSection(NestedProjects) = preSolution
		{D228C07D-7714-3007-8652-B1465CAE32ED} = {58821686-968D-4DA8-919F-AC3FAF0301D7}
		{934DC8BF-0114-39A5-8A80-53419C832EEB} = {58821686-968D-4DA8-919F-AC3FAF0301D7}
		{1AE59BD8-D9E6-4AD8-A2FF-886DA218F74E} = {A3F3405E-BEBD-4CC5-8408-B058B38532A8}
		{34D93FA0-1F45-48C5-AAD8-B13D9E6BB1CA} = {3A37582F-5E2A-43E2-90CB-2D067C3219EC}
		{AB1A15C9-FB38-48E0-B1FD-F9AF4B6B4AA3} = {A3F3405E-BEBD-4CC5-8408-B058B38532A8}
		{B8F1A60C-68AF-4428-9095-C31C81409099} = {A3F3405E-BEBD-4CC5-8408-B058B38532A8}
	EndGlobalSection
	GlobalSection(ExtensibilityGlobals) = postSolution
		SolutionGuid = {EB2C8857-1E79-4E3F-BF95-0F70B552A24A}
	EndGlobalSection
EndGlobal
