<?xml version="1.0" encoding="utf-8"?>
<Project ToolsVersion="17.0" xmlns="http://schemas.microsoft.com/developer/msbuild/2003">
  <ItemGroup>
    <CustomBuild Include="E:\WorkDocument\2024.4CAD-CAM\PluginFrame\ARK\CMakeFiles\86acbfab49304be1dc29bfdde775395f\RUN_TESTS_force.rule">
      <Filter>CMake Rules</Filter>
    </CustomBuild>
  </ItemGroup>
  <ItemGroup>
    <Filter Include="CMake Rules">
      <UniqueIdentifier>{D691DA19-9262-30F0-BA0D-508F9F56B869}</UniqueIdentifier>
    </Filter>
  </ItemGroup>
</Project>
