<?xml version="1.0" encoding="utf-8"?>
<Project ToolsVersion="17.0" xmlns="http://schemas.microsoft.com/developer/msbuild/2003">
  <ItemGroup>
    <Filter Include="Source Files">
      <UniqueIdentifier>{EFF7B129-DC38-348E-BBAA-AFC9F29AB2EA}</UniqueIdentifier>
    </Filter>
    <Filter Include="Headers">
      <UniqueIdentifier>{70f3a423-5a16-45b3-8373-7469308d9281}</UniqueIdentifier>
    </Filter>
    <Filter Include="Interface">
      <UniqueIdentifier>{84e9bfce-3937-4ca6-9bc4-67a3af45b1fc}</UniqueIdentifier>
    </Filter>
  </ItemGroup>
  <ItemGroup>
    <ClInclude Include="Sample1Plugin.h">
      <Filter>Headers</Filter>
    </ClInclude>
    <ClInclude Include="Sample1PluginManager.h">
      <Filter>Headers</Filter>
    </ClInclude>
    <ClInclude Include="ISample1Plugin.h">
      <Filter>Interface</Filter>
    </ClInclude>
    <ClInclude Include="IJsonConvertPlugin.h">
      <Filter>Interface</Filter>
    </ClInclude>
    <ClInclude Include="JsonConvertPlugin.h">
      <Filter>Headers</Filter>
    </ClInclude>
  </ItemGroup>
  <ItemGroup>
    <ClCompile Include="Sample1Plugin.cpp">
      <Filter>Source Files</Filter>
    </ClCompile>
    <ClCompile Include="Sample1PluginManager.cpp">
      <Filter>Source Files</Filter>
    </ClCompile>
    <ClCompile Include="JsonConvertPlugin.cpp">
      <Filter>Source Files</Filter>
    </ClCompile>
  </ItemGroup>
</Project>