<?xml version="1.0" encoding="utf-8"?>
<Project ToolsVersion="4.0" xmlns="http://schemas.microsoft.com/developer/msbuild/2003">
  <ItemGroup>
    <Filter Include="Base">
      <UniqueIdentifier>{93995380-89BD-4b04-88EB-625FBE52EBFB}</UniqueIdentifier>
      <Extensions>h;hh;hpp;hxx;h++;hm;inl;inc;ipp;xsd</Extensions>
    </Filter>
    <Filter Include="Interface">
      <UniqueIdentifier>{b3839ed0-d419-4cd8-a44e-5a2116b392b5}</UniqueIdentifier>
    </Filter>
  </ItemGroup>
  <ItemGroup>
    <ClInclude Include="base\AFDynLib.hpp">
      <Filter>Base</Filter>
    </ClInclude>
    <ClInclude Include="base\AFMacros.hpp">
      <Filter>Base</Filter>
    </ClInclude>
    <ClInclude Include="base\AFPlatform.hpp">
      <Filter>Base</Filter>
    </ClInclude>
    <ClInclude Include="base\AFPluginManager.hpp">
      <Filter>Base</Filter>
    </ClInclude>
    <ClInclude Include="base\AFIModule.hpp">
      <Filter>Base</Filter>
    </ClInclude>
    <ClInclude Include="base\AFIPlugin.hpp">
      <Filter>Base</Filter>
    </ClInclude>
  </ItemGroup>
  <ItemGroup>
    <ClCompile Include="IModule.h">
      <Filter>Interface</Filter>
    </ClCompile>
  </ItemGroup>
</Project>