<?xml version="1.0" encoding="utf-8"?>
<Project ToolsVersion="4.0" xmlns="http://schemas.microsoft.com/developer/msbuild/2003">
  <ItemGroup>
    <Filter Include="Interface">
      <UniqueIdentifier>{9842b535-5e96-43d5-b987-8509cde3ae00}</UniqueIdentifier>
    </Filter>
    <Filter Include="PluginManager">
      <UniqueIdentifier>{905daec5-28b3-46bb-adc7-995285586272}</UniqueIdentifier>
    </Filter>
    <Filter Include="Base">
      <UniqueIdentifier>{93995380-89BD-4b04-88EB-625FBE52EBFB}</UniqueIdentifier>
      <Extensions>h;hh;hpp;hxx;h++;hm;inl;inc;ipp;xsd</Extensions>
    </Filter>
    <Filter Include="Base\Pattern">
      <UniqueIdentifier>{567fb5ff-dc12-472e-855f-6a248622989d}</UniqueIdentifier>
    </Filter>
    <Filter Include="JsonHelper">
      <UniqueIdentifier>{56f5db6b-9fd1-4ec4-8fff-0d12717460c2}</UniqueIdentifier>
    </Filter>
    <Filter Include="JsonHelper\examples">
      <UniqueIdentifier>{4b63ce4b-6416-46b8-bfdc-9a32dfea6a14}</UniqueIdentifier>
    </Filter>
    <Filter Include="json">
      <UniqueIdentifier>{61c06a0f-5832-4349-8846-eaa70a40e4c4}</UniqueIdentifier>
    </Filter>
  </ItemGroup>
  <ItemGroup>
    <ClInclude Include="base\AFDynLib.hpp">
      <Filter>Base</Filter>
    </ClInclude>
    <ClInclude Include="base\AFMacros.hpp">
      <Filter>Base</Filter>
    </ClInclude>
    <ClInclude Include="base\AFNoncopyable.hpp">
      <Filter>Base</Filter>
    </ClInclude>
    <ClInclude Include="base\AFPlatform.hpp">
      <Filter>Base</Filter>
    </ClInclude>
    <ClInclude Include="base\AFPluginManager.hpp">
      <Filter>Base</Filter>
    </ClInclude>
    <ClInclude Include="base\pattern\AFSingleton.hpp">
      <Filter>Base\Pattern</Filter>
    </ClInclude>
    <ClInclude Include="interface\AFIModule.hpp">
      <Filter>Interface</Filter>
    </ClInclude>
    <ClInclude Include="interface\AFIPlugin.hpp">
      <Filter>Interface</Filter>
    </ClInclude>
    <ClInclude Include="PluginManager.h">
      <Filter>PluginManager</Filter>
    </ClInclude>
    <ClInclude Include="base\AFDefine.hpp">
      <Filter>Base</Filter>
    </ClInclude>
    <ClInclude Include="JsonHelper\common.h">
      <Filter>JsonHelper</Filter>
    </ClInclude>
    <ClInclude Include="JsonHelper\json_helper.h">
      <Filter>JsonHelper</Filter>
    </ClInclude>
    <ClInclude Include="JsonHelper\marshal.h">
      <Filter>JsonHelper</Filter>
    </ClInclude>
    <ClInclude Include="JsonHelper\unmarshal.h">
      <Filter>JsonHelper</Filter>
    </ClInclude>
    <ClInclude Include="JsonHelper\json\assertions.h">
      <Filter>json</Filter>
    </ClInclude>
    <ClInclude Include="JsonHelper\json\autolink.h">
      <Filter>json</Filter>
    </ClInclude>
    <ClInclude Include="JsonHelper\json\config.h">
      <Filter>json</Filter>
    </ClInclude>
    <ClInclude Include="JsonHelper\json\features.h">
      <Filter>json</Filter>
    </ClInclude>
    <ClInclude Include="JsonHelper\json\forwards.h">
      <Filter>json</Filter>
    </ClInclude>
    <ClInclude Include="JsonHelper\json\json.h">
      <Filter>json</Filter>
    </ClInclude>
    <ClInclude Include="JsonHelper\json\reader.h">
      <Filter>json</Filter>
    </ClInclude>
    <ClInclude Include="JsonHelper\json\value.h">
      <Filter>json</Filter>
    </ClInclude>
    <ClInclude Include="JsonHelper\json\version.h">
      <Filter>json</Filter>
    </ClInclude>
    <ClInclude Include="JsonHelper\json\writer.h">
      <Filter>json</Filter>
    </ClInclude>
  </ItemGroup>
  <ItemGroup>
    <ClCompile Include="PluginManager.cpp">
      <Filter>PluginManager</Filter>
    </ClCompile>
    <ClCompile Include="JsonHelper\expamles\marshal.cc">
      <Filter>JsonHelper\examples</Filter>
    </ClCompile>
    <ClCompile Include="JsonHelper\expamles\unmarshal.cc">
      <Filter>JsonHelper\examples</Filter>
    </ClCompile>
  </ItemGroup>
</Project>